
Microsoft Visual Studio Solution File, Format Version 12.00
# Visual Studio 15
VisualStudioVersion = 15.0.26430.15
MinimumVisualStudioVersion = 10.0.40219.1
Project("{F2A71F9B-5D33-465A-A702-920D77279786}") = "BookingApi.WebHost", "BookingApi.WebHost\BookingApi.WebHost.fsproj", "{95611953-FBB0-432B-9F55-A41004352481}"
EndProject
Project("{F2A71F9B-5D33-465A-A702-920D77279786}") = "BookingApi.UnitTests", "BookingApi.UnitTests\BookingApi.UnitTests.fsproj", "{6A4B21DD-9EAB-4E1A-9443-36D9A5E01C1C}"
EndProject
Project("{F2A71F9B-5D33-465A-A702-920D77279786}") = "BookingApi", "BookingApi\BookingApi.fsproj", "{3905A7AE-F4E6-484D-A0B0-1039E6DD4BA5}"
EndProject
Project("{F2A71F9B-5D33-465A-A702-920D77279786}") = "BookingApi.BoundaryTests", "BookingApi.BoundaryTests\BookingApi.BoundaryTests.fsproj", "{2E81263F-F0EF-43C7-BA60-3C035CF4FE96}"
EndProject
Global
	GlobalSection(SolutionConfigurationPlatforms) = preSolution
		Debug|Any CPU = Debug|Any CPU
		Release|Any CPU = Release|Any CPU
	EndGlobalSection
	GlobalSection(ProjectConfigurationPlatforms) = postSolution
		{95611953-FBB0-432B-9F55-A41004352481}.Debug|Any CPU.ActiveCfg = Debug|Any CPU
		{95611953-FBB0-432B-9F55-A41004352481}.Debug|Any CPU.Build.0 = Debug|Any CPU
		{95611953-FBB0-432B-9F55-A41004352481}.Release|Any CPU.ActiveCfg = Release|Any CPU
		{95611953-FBB0-432B-9F55-A41004352481}.Release|Any CPU.Build.0 = Release|Any CPU
		{6A4B21DD-9EAB-4E1A-9443-36D9A5E01C1C}.Debug|Any CPU.ActiveCfg = Debug|Any CPU
		{6A4B21DD-9EAB-4E1A-9443-36D9A5E01C1C}.Debug|Any CPU.Build.0 = Debug|Any CPU
		{6A4B21DD-9EAB-4E1A-9443-36D9A5E01C1C}.Release|Any CPU.ActiveCfg = Release|Any CPU
		{6A4B21DD-9EAB-4E1A-9443-36D9A5E01C1C}.Release|Any CPU.Build.0 = Release|Any CPU
		{3905A7AE-F4E6-484D-A0B0-1039E6DD4BA5}.Debug|Any CPU.ActiveCfg = Debug|Any CPU
		{3905A7AE-F4E6-484D-A0B0-1039E6DD4BA5}.Debug|Any CPU.Build.0 = Debug|Any CPU
		{3905A7AE-F4E6-484D-A0B0-1039E6DD4BA5}.Release|Any CPU.ActiveCfg = Release|Any CPU
		{3905A7AE-F4E6-484D-A0B0-1039E6DD4BA5}.Release|Any CPU.Build.0 = Release|Any CPU
		{2E81263F-F0EF-43C7-BA60-3C035CF4FE96}.Debug|Any CPU.ActiveCfg = Debug|Any CPU
		{2E81263F-F0EF-43C7-BA60-3C035CF4FE96}.Debug|Any CPU.Build.0 = Debug|Any CPU
		{2E81263F-F0EF-43C7-BA60-3C035CF4FE96}.Release|Any CPU.ActiveCfg = Release|Any CPU
		{2E81263F-F0EF-43C7-BA60-3C035CF4FE96}.Release|Any CPU.Build.0 = Release|Any CPU
	EndGlobalSection
	GlobalSection(SolutionProperties) = preSolution
		HideSolutionNode = FALSE
	EndGlobalSection
EndGlobal
